// !$*UTF8*$!
{
	archiveVersion = 1;
	classes = {
	};
	objectVersion = 50;
	objects = {

/* Begin PBXBuildFile section */
		8888D4F826101E00005E25E9 /* AppDelegate.swift in Sources */ = {isa = PBXBuildFile; fileRef = 8888D4F726101E00005E25E9 /* AppDelegate.swift */; };
		8888D4FA26101E00005E25E9 /* SceneDelegate.swift in Sources */ = {isa = PBXBuildFile; fileRef = 8888D4F926101E00005E25E9 /* SceneDelegate.swift */; };
		8888D4FC26101E00005E25E9 /* ViewController.swift in Sources */ = {isa = PBXBuildFile; fileRef = 8888D4FB26101E00005E25E9 /* ViewController.swift */; };
		8888D4FF26101E00005E25E9 /* Main.storyboard in Resources */ = {isa = PBXBuildFile; fileRef = 8888D4FD26101E00005E25E9 /* Main.storyboard */; };
		8888D50126101E02005E25E9 /* Assets.xcassets in Resources */ = {isa = PBXBuildFile; fileRef = 8888D50026101E02005E25E9 /* Assets.xcassets */; };
		8888D50426101E02005E25E9 /* LaunchScreen.storyboard in Resources */ = {isa = PBXBuildFile; fileRef = 8888D50226101E02005E25E9 /* LaunchScreen.storyboard */; };
		8888D50F26101E02005E25E9 /* MoviesTests.swift in Sources */ = {isa = PBXBuildFile; fileRef = 8888D50E26101E02005E25E9 /* MoviesTests.swift */; };
		8888D51A26101E02005E25E9 /* MoviesUITests.swift in Sources */ = {isa = PBXBuildFile; fileRef = 8888D51926101E02005E25E9 /* MoviesUITests.swift */; };
/* End PBXBuildFile section */

/* Begin PBXContainerItemProxy section */
		8888D50B26101E02005E25E9 /* PBXContainerItemProxy */ = {
			isa = PBXContainerItemProxy;
			containerPortal = 8888D4EC26101E00005E25E9 /* Project object */;
			proxyType = 1;
			remoteGlobalIDString = 8888D4F326101E00005E25E9;
			remoteInfo = Movies;
		};
		8888D51626101E02005E25E9 /* PBXContainerItemProxy */ = {
			isa = PBXContainerItemProxy;
			containerPortal = 8888D4EC26101E00005E25E9 /* Project object */;
			proxyType = 1;
			remoteGlobalIDString = 8888D4F326101E00005E25E9;
			remoteInfo = Movies;
		};
/* End PBXContainerItemProxy section */

/* Begin PBXFileReference section */
		8888D4F426101E00005E25E9 /* Movies.app */ = {isa = PBXFileReference; explicitFileType = wrapper.application; includeInIndex = 0; path = Movies.app; sourceTree = BUILT_PRODUCTS_DIR; };
		8888D4F726101E00005E25E9 /* AppDelegate.swift */ = {isa = PBXFileReference; lastKnownFileType = sourcecode.swift; path = AppDelegate.swift; sourceTree = "<group>"; };
		8888D4F926101E00005E25E9 /* SceneDelegate.swift */ = {isa = PBXFileReference; lastKnownFileType = sourcecode.swift; path = SceneDelegate.swift; sourceTree = "<group>"; };
		8888D4FB26101E00005E25E9 /* ViewController.swift */ = {isa = PBXFileReference; lastKnownFileType = sourcecode.swift; path = ViewController.swift; sourceTree = "<group>"; };
		8888D4FE26101E00005E25E9 /* Base */ = {isa = PBXFileReference; lastKnownFileType = file.storyboard; name = Base; path = Base.lproj/Main.storyboard; sourceTree = "<group>"; };
		8888D50026101E02005E25E9 /* Assets.xcassets */ = {isa = PBXFileReference; lastKnownFileType = folder.assetcatalog; path = Assets.xcassets; sourceTree = "<group>"; };
		8888D50326101E02005E25E9 /* Base */ = {isa = PBXFileReference; lastKnownFileType = file.storyboard; name = Base; path = Base.lproj/LaunchScreen.storyboard; sourceTree = "<group>"; };
		8888D50526101E02005E25E9 /* Info.plist */ = {isa = PBXFileReference; lastKnownFileType = text.plist.xml; path = Info.plist; sourceTree = "<group>"; };
		8888D50A26101E02005E25E9 /* MoviesTests.xctest */ = {isa = PBXFileReference; explicitFileType = wrapper.cfbundle; includeInIndex = 0; path = MoviesTests.xctest; sourceTree = BUILT_PRODUCTS_DIR; };
		8888D50E26101E02005E25E9 /* MoviesTests.swift */ = {isa = PBXFileReference; lastKnownFileType = sourcecode.swift; path = MoviesTests.swift; sourceTree = "<group>"; };
		8888D51026101E02005E25E9 /* Info.plist */ = {isa = PBXFileReference; lastKnownFileType = text.plist.xml; path = Info.plist; sourceTree = "<group>"; };
		8888D51526101E02005E25E9 /* MoviesUITests.xctest */ = {isa = PBXFileReference; explicitFileType = wrapper.cfbundle; includeInIndex = 0; path = MoviesUITests.xctest; sourceTree = BUILT_PRODUCTS_DIR; };
		8888D51926101E02005E25E9 /* MoviesUITests.swift */ = {isa = PBXFileReference; lastKnownFileType = sourcecode.swift; path = MoviesUITests.swift; sourceTree = "<group>"; };
		8888D51B26101E02005E25E9 /* Info.plist */ = {isa = PBXFileReference; lastKnownFileType = text.plist.xml; path = Info.plist; sourceTree = "<group>"; };
/* End PBXFileReference section */

/* Begin PBXFrameworksBuildPhase section */
		8888D4F126101E00005E25E9 /* Frameworks */ = {
			isa = PBXFrameworksBuildPhase;
			buildActionMask = 2147483647;
			files = (
			);
			runOnlyForDeploymentPostprocessing = 0;
		};
		8888D50726101E02005E25E9 /* Frameworks */ = {
			isa = PBXFrameworksBuildPhase;
			buildActionMask = 2147483647;
			files = (
			);
			runOnlyForDeploymentPostprocessing = 0;
		};
		8888D51226101E02005E25E9 /* Frameworks */ = {
			isa = PBXFrameworksBuildPhase;
			buildActionMask = 2147483647;
			files = (
			);
			runOnlyForDeploymentPostprocessing = 0;
		};
/* End PBXFrameworksBuildPhase section */

/* Begin PBXGroup section */
		8888D4EB26101E00005E25E9 = {
			isa = PBXGroup;
			children = (
				8888D4F626101E00005E25E9 /* Movies */,
				8888D50D26101E02005E25E9 /* MoviesTests */,
				8888D51826101E02005E25E9 /* MoviesUITests */,
				8888D4F526101E00005E25E9 /* Products */,
			);
			sourceTree = "<group>";
		};
		8888D4F526101E00005E25E9 /* Products */ = {
			isa = PBXGroup;
			children = (
				8888D4F426101E00005E25E9 /* Movies.app */,
				8888D50A26101E02005E25E9 /* MoviesTests.xctest */,
				8888D51526101E02005E25E9 /* MoviesUITests.xctest */,
			);
			name = Products;
			sourceTree = "<group>";
		};
		8888D4F626101E00005E25E9 /* Movies */ = {
			isa = PBXGroup;
			children = (
				8888D4F726101E00005E25E9 /* AppDelegate.swift */,
				8888D4F926101E00005E25E9 /* SceneDelegate.swift */,
				8888D4FB26101E00005E25E9 /* ViewController.swift */,
				8888D4FD26101E00005E25E9 /* Main.storyboard */,
				8888D50026101E02005E25E9 /* Assets.xcassets */,
				8888D50226101E02005E25E9 /* LaunchScreen.storyboard */,
				8888D50526101E02005E25E9 /* Info.plist */,
			);
			path = Movies;
			sourceTree = "<group>";
		};
		8888D50D26101E02005E25E9 /* MoviesTests */ = {
			isa = PBXGroup;
			children = (
				8888D50E26101E02005E25E9 /* MoviesTests.swift */,
				8888D51026101E02005E25E9 /* Info.plist */,
			);
			path = MoviesTests;
			sourceTree = "<group>";
		};
		8888D51826101E02005E25E9 /* MoviesUITests */ = {
			isa = PBXGroup;
			children = (
				8888D51926101E02005E25E9 /* MoviesUITests.swift */,
				8888D51B26101E02005E25E9 /* Info.plist */,
			);
			path = MoviesUITests;
			sourceTree = "<group>";
		};
/* End PBXGroup section */

/* Begin PBXNativeTarget section */
		8888D4F326101E00005E25E9 /* Movies */ = {
			isa = PBXNativeTarget;
			buildConfigurationList = 8888D51E26101E02005E25E9 /* Build configuration list for PBXNativeTarget "Movies" */;
			buildPhases = (
				8888D4F026101E00005E25E9 /* Sources */,
				8888D4F126101E00005E25E9 /* Frameworks */,
				8888D4F226101E00005E25E9 /* Resources */,
			);
			buildRules = (
			);
			dependencies = (
			);
			name = Movies;
			productName = Movies;
			productReference = 8888D4F426101E00005E25E9 /* Movies.app */;
			productType = "com.apple.product-type.application";
		};
		8888D50926101E02005E25E9 /* MoviesTests */ = {
			isa = PBXNativeTarget;
			buildConfigurationList = 8888D52126101E02005E25E9 /* Build configuration list for PBXNativeTarget "MoviesTests" */;
			buildPhases = (
				8888D50626101E02005E25E9 /* Sources */,
				8888D50726101E02005E25E9 /* Frameworks */,
				8888D50826101E02005E25E9 /* Resources */,
			);
			buildRules = (
			);
			dependencies = (
				8888D50C26101E02005E25E9 /* PBXTargetDependency */,
			);
			name = MoviesTests;
			productName = MoviesTests;
			productReference = 8888D50A26101E02005E25E9 /* MoviesTests.xctest */;
			productType = "com.apple.product-type.bundle.unit-test";
		};
		8888D51426101E02005E25E9 /* MoviesUITests */ = {
			isa = PBXNativeTarget;
			buildConfigurationList = 8888D52426101E02005E25E9 /* Build configuration list for PBXNativeTarget "MoviesUITests" */;
			buildPhases = (
				8888D51126101E02005E25E9 /* Sources */,
				8888D51226101E02005E25E9 /* Frameworks */,
				8888D51326101E02005E25E9 /* Resources */,
			);
			buildRules = (
			);
			dependencies = (
				8888D51726101E02005E25E9 /* PBXTargetDependency */,
			);
			name = MoviesUITests;
			productName = MoviesUITests;
			productReference = 8888D51526101E02005E25E9 /* MoviesUITests.xctest */;
			productType = "com.apple.product-type.bundle.ui-testing";
		};
/* End PBXNativeTarget section */

/* Begin PBXProject section */
		8888D4EC26101E00005E25E9 /* Project object */ = {
			isa = PBXProject;
			attributes = {
				LastSwiftUpdateCheck = 1200;
				LastUpgradeCheck = 1200;
				TargetAttributes = {
					8888D4F326101E00005E25E9 = {
						CreatedOnToolsVersion = 12.0;
					};
					8888D50926101E02005E25E9 = {
						CreatedOnToolsVersion = 12.0;
						TestTargetID = 8888D4F326101E00005E25E9;
					};
					8888D51426101E02005E25E9 = {
						CreatedOnToolsVersion = 12.0;
						TestTargetID = 8888D4F326101E00005E25E9;
					};
				};
			};
			buildConfigurationList = 8888D4EF26101E00005E25E9 /* Build configuration list for PBXProject "Movies" */;
			compatibilityVersion = "Xcode 9.3";
			developmentRegion = en;
			hasScannedForEncodings = 0;
			knownRegions = (
				en,
				Base,
			);
			mainGroup = 8888D4EB26101E00005E25E9;
			productRefGroup = 8888D4F526101E00005E25E9 /* Products */;
			projectDirPath = "";
			projectRoot = "";
			targets = (
				8888D4F326101E00005E25E9 /* Movies */,
				8888D50926101E02005E25E9 /* MoviesTests */,
				8888D51426101E02005E25E9 /* MoviesUITests */,
			);
		};
/* End PBXProject section */

/* Begin PBXResourcesBuildPhase section */
		8888D4F226101E00005E25E9 /* Resources */ = {
			isa = PBXResourcesBuildPhase;
			buildActionMask = 2147483647;
			files = (
				8888D50426101E02005E25E9 /* LaunchScreen.storyboard in Resources */,
				8888D50126101E02005E25E9 /* Assets.xcassets in Resources */,
				8888D4FF26101E00005E25E9 /* Main.storyboard in Resources */,
			);
			runOnlyForDeploymentPostprocessing = 0;
		};
		8888D50826101E02005E25E9 /* Resources */ = {
			isa = PBXResourcesBuildPhase;
			buildActionMask = 2147483647;
			files = (
			);
			runOnlyForDeploymentPostprocessing = 0;
		};
		8888D51326101E02005E25E9 /* Resources */ = {
			isa = PBXResourcesBuildPhase;
			buildActionMask = 2147483647;
			files = (
			);
			runOnlyForDeploymentPostprocessing = 0;
		};
/* End PBXResourcesBuildPhase section */

/* Begin PBXSourcesBuildPhase section */
		8888D4F026101E00005E25E9 /* Sources */ = {
			isa = PBXSourcesBuildPhase;
			buildActionMask = 2147483647;
			files = (
				8888D4FC26101E00005E25E9 /* ViewController.swift in Sources */,
				8888D4F826101E00005E25E9 /* AppDelegate.swift in Sources */,
				8888D4FA26101E00005E25E9 /* SceneDelegate.swift in Sources */,
			);
			runOnlyForDeploymentPostprocessing = 0;
		};
		8888D50626101E02005E25E9 /* Sources */ = {
			isa = PBXSourcesBuildPhase;
			buildActionMask = 2147483647;
			files = (
				8888D50F26101E02005E25E9 /* MoviesTests.swift in Sources */,
			);
			runOnlyForDeploymentPostprocessing = 0;
		};
		8888D51126101E02005E25E9 /* Sources */ = {
			isa = PBXSourcesBuildPhase;
			buildActionMask = 2147483647;
			files = (
				8888D51A26101E02005E25E9 /* MoviesUITests.swift in Sources */,
			);
			runOnlyForDeploymentPostprocessing = 0;
		};
/* End PBXSourcesBuildPhase section */

/* Begin PBXTargetDependency section */
		8888D50C26101E02005E25E9 /* PBXTargetDependency */ = {
			isa = PBXTargetDependency;
			target = 8888D4F326101E00005E25E9 /* Movies */;
			targetProxy = 8888D50B26101E02005E25E9 /* PBXContainerItemProxy */;
		};
		8888D51726101E02005E25E9 /* PBXTargetDependency */ = {
			isa = PBXTargetDependency;
			target = 8888D4F326101E00005E25E9 /* Movies */;
			targetProxy = 8888D51626101E02005E25E9 /* PBXContainerItemProxy */;
		};
/* End PBXTargetDependency section */

/* Begin PBXVariantGroup section */
		8888D4FD26101E00005E25E9 /* Main.storyboard */ = {
			isa = PBXVariantGroup;
			children = (
				8888D4FE26101E00005E25E9 /* Base */,
			);
			name = Main.storyboard;
			sourceTree = "<group>";
		};
		8888D50226101E02005E25E9 /* LaunchScreen.storyboard */ = {
			isa = PBXVariantGroup;
			children = (
				8888D50326101E02005E25E9 /* Base */,
			);
			name = LaunchScreen.storyboard;
			sourceTree = "<group>";
		};
/* End PBXVariantGroup section */

/* Begin XCBuildConfiguration section */
		8888D51C26101E02005E25E9 /* Debug */ = {
			isa = XCBuildConfiguration;
			buildSettings = {
				ALWAYS_SEARCH_USER_PATHS = NO;
				CLANG_ANALYZER_NONNULL = YES;
				CLANG_ANALYZER_NUMBER_OBJECT_CONVERSION = YES_AGGRESSIVE;
				CLANG_CXX_LANGUAGE_STANDARD = "gnu++14";
				CLANG_CXX_LIBRARY = "libc++";
				CLANG_ENABLE_MODULES = YES;
				CLANG_ENABLE_OBJC_ARC = YES;
				CLANG_ENABLE_OBJC_WEAK = YES;
				CLANG_WARN_BLOCK_CAPTURE_AUTORELEASING = YES;
				CLANG_WARN_BOOL_CONVERSION = YES;
				CLANG_WARN_COMMA = YES;
				CLANG_WARN_CONSTANT_CONVERSION = YES;
				CLANG_WARN_DEPRECATED_OBJC_IMPLEMENTATIONS = YES;
				CLANG_WARN_DIRECT_OBJC_ISA_USAGE = YES_ERROR;
				CLANG_WARN_DOCUMENTATION_COMMENTS = YES;
				CLANG_WARN_EMPTY_BODY = YES;
				CLANG_WARN_ENUM_CONVERSION = YES;
				CLANG_WARN_INFINITE_RECURSION = YES;
				CLANG_WARN_INT_CONVERSION = YES;
				CLANG_WARN_NON_LITERAL_NULL_CONVERSION = YES;
				CLANG_WARN_OBJC_IMPLICIT_RETAIN_SELF = YES;
				CLANG_WARN_OBJC_LITERAL_CONVERSION = YES;
				CLANG_WARN_OBJC_ROOT_CLASS = YES_ERROR;
				CLANG_WARN_QUOTED_INCLUDE_IN_FRAMEWORK_HEADER = YES;
				CLANG_WARN_RANGE_LOOP_ANALYSIS = YES;
				CLANG_WARN_STRICT_PROTOTYPES = YES;
				CLANG_WARN_SUSPICIOUS_MOVE = YES;
				CLANG_WARN_UNGUARDED_AVAILABILITY = YES_AGGRESSIVE;
				CLANG_WARN_UNREACHABLE_CODE = YES;
				CLANG_WARN__DUPLICATE_METHOD_MATCH = YES;
				COPY_PHASE_STRIP = NO;
				DEBUG_INFORMATION_FORMAT = dwarf;
				ENABLE_STRICT_OBJC_MSGSEND = YES;
				ENABLE_TESTABILITY = YES;
				GCC_C_LANGUAGE_STANDARD = gnu11;
				GCC_DYNAMIC_NO_PIC = NO;
				GCC_NO_COMMON_BLOCKS = YES;
				GCC_OPTIMIZATION_LEVEL = 0;
				GCC_PREPROCESSOR_DEFINITIONS = (
					"DEBUG=1",
					"$(inherited)",
				);
				GCC_WARN_64_TO_32_BIT_CONVERSION = YES;
				GCC_WARN_ABOUT_RETURN_TYPE = YES_ERROR;
				GCC_WARN_UNDECLARED_SELECTOR = YES;
				GCC_WARN_UNINITIALIZED_AUTOS = YES_AGGRESSIVE;
				GCC_WARN_UNUSED_FUNCTION = YES;
				GCC_WARN_UNUSED_VARIABLE = YES;
				IPHONEOS_DEPLOYMENT_TARGET = 14.0;
				MTL_ENABLE_DEBUG_INFO = INCLUDE_SOURCE;
				MTL_FAST_MATH = YES;
				ONLY_ACTIVE_ARCH = YES;
				SDKROOT = iphoneos;
				SWIFT_ACTIVE_COMPILATION_CONDITIONS = DEBUG;
				SWIFT_OPTIMIZATION_LEVEL = "-Onone";
			};
			name = Debug;
		};
		8888D51D26101E02005E25E9 /* Release */ = {
			isa = XCBuildConfiguration;
			buildSettings = {
				ALWAYS_SEARCH_USER_PATHS = NO;
				CLANG_ANALYZER_NONNULL = YES;
				CLANG_ANALYZER_NUMBER_OBJECT_CONVERSION = YES_AGGRESSIVE;
				CLANG_CXX_LANGUAGE_STANDARD = "gnu++14";
				CLANG_CXX_LIBRARY = "libc++";
				CLANG_ENABLE_MODULES = YES;
				CLANG_ENABLE_OBJC_ARC = YES;
				CLANG_ENABLE_OBJC_WEAK = YES;
				CLANG_WARN_BLOCK_CAPTURE_AUTORELEASING = YES;
				CLANG_WARN_BOOL_CONVERSION = YES;
				CLANG_WARN_COMMA = YES;
				CLANG_WARN_CONSTANT_CONVERSION = YES;
				CLANG_WARN_DEPRECATED_OBJC_IMPLEMENTATIONS = YES;
				CLANG_WARN_DIRECT_OBJC_ISA_USAGE = YES_ERROR;
				CLANG_WARN_DOCUMENTATION_COMMENTS = YES;
				CLANG_WARN_EMPTY_BODY = YES;
				CLANG_WARN_ENUM_CONVERSION = YES;
				CLANG_WARN_INFINITE_RECURSION = YES;
				CLANG_WARN_INT_CONVERSION = YES;
				CLANG_WARN_NON_LITERAL_NULL_CONVERSION = YES;
				CLANG_WARN_OBJC_IMPLICIT_RETAIN_SELF = YES;
				CLANG_WARN_OBJC_LITERAL_CONVERSION = YES;
				CLANG_WARN_OBJC_ROOT_CLASS = YES_ERROR;
				CLANG_WARN_QUOTED_INCLUDE_IN_FRAMEWORK_HEADER = YES;
				CLANG_WARN_RANGE_LOOP_ANALYSIS = YES;
				CLANG_WARN_STRICT_PROTOTYPES = YES;
				CLANG_WARN_SUSPICIOUS_MOVE = YES;
				CLANG_WARN_UNGUARDED_AVAILABILITY = YES_AGGRESSIVE;
				CLANG_WARN_UNREACHABLE_CODE = YES;
				CLANG_WARN__DUPLICATE_METHOD_MATCH = YES;
				COPY_PHASE_STRIP = NO;
				DEBUG_INFORMATION_FORMAT = "dwarf-with-dsym";
				ENABLE_NS_ASSERTIONS = NO;
				ENABLE_STRICT_OBJC_MSGSEND = YES;
				GCC_C_LANGUAGE_STANDARD = gnu11;
				GCC_NO_COMMON_BLOCKS = YES;
				GCC_WARN_64_TO_32_BIT_CONVERSION = YES;
				GCC_WARN_ABOUT_RETURN_TYPE = YES_ERROR;
				GCC_WARN_UNDECLARED_SELECTOR = YES;
				GCC_WARN_UNINITIALIZED_AUTOS = YES_AGGRESSIVE;
				GCC_WARN_UNUSED_FUNCTION = YES;
				GCC_WARN_UNUSED_VARIABLE = YES;
				IPHONEOS_DEPLOYMENT_TARGET = 14.0;
				MTL_ENABLE_DEBUG_INFO = NO;
				MTL_FAST_MATH = YES;
				SDKROOT = iphoneos;
				SWIFT_COMPILATION_MODE = wholemodule;
				SWIFT_OPTIMIZATION_LEVEL = "-O";
				VALIDATE_PRODUCT = YES;
			};
			name = Release;
		};
		8888D51F26101E02005E25E9 /* Debug */ = {
			isa = XCBuildConfiguration;
			buildSettings = {
				ASSETCATALOG_COMPILER_APPICON_NAME = AppIcon;
				ASSETCATALOG_COMPILER_GLOBAL_ACCENT_COLOR_NAME = AccentColor;
				CODE_SIGN_STYLE = Automatic;
				DEVELOPMENT_TEAM = J89XP6WQS5;
				INFOPLIST_FILE = Movies/Info.plist;
				LD_RUNPATH_SEARCH_PATHS = (
					"$(inherited)",
					"@executable_path/Frameworks",
				);
				PRODUCT_BUNDLE_IDENTIFIER = br.com.stant.Movies;
				PRODUCT_NAME = "$(TARGET_NAME)";
				SWIFT_VERSION = 5.0;
				TARGETED_DEVICE_FAMILY = "1,2";
			};
			name = Debug;
		};
		8888D52026101E02005E25E9 /* Release */ = {
			isa = XCBuildConfiguration;
			buildSettings = {
				ASSETCATALOG_COMPILER_APPICON_NAME = AppIcon;
				ASSETCATALOG_COMPILER_GLOBAL_ACCENT_COLOR_NAME = AccentColor;
				CODE_SIGN_STYLE = Automatic;
				DEVELOPMENT_TEAM = J89XP6WQS5;
				INFOPLIST_FILE = Movies/Info.plist;
				LD_RUNPATH_SEARCH_PATHS = (
					"$(inherited)",
					"@executable_path/Frameworks",
				);
				PRODUCT_BUNDLE_IDENTIFIER = br.com.stant.Movies;
				PRODUCT_NAME = "$(TARGET_NAME)";
				SWIFT_VERSION = 5.0;
				TARGETED_DEVICE_FAMILY = "1,2";
			};
			name = Release;
		};
		8888D52226101E02005E25E9 /* Debug */ = {
			isa = XCBuildConfiguration;
			buildSettings = {
				ALWAYS_EMBED_SWIFT_STANDARD_LIBRARIES = YES;
				BUNDLE_LOADER = "$(TEST_HOST)";
				CODE_SIGN_STYLE = Automatic;
				DEVELOPMENT_TEAM = J89XP6WQS5;
				INFOPLIST_FILE = MoviesTests/Info.plist;
				IPHONEOS_DEPLOYMENT_TARGET = 14.0;
				LD_RUNPATH_SEARCH_PATHS = (
					"$(inherited)",
					"@executable_path/Frameworks",
					"@loader_path/Frameworks",
				);
				PRODUCT_BUNDLE_IDENTIFIER = br.com.stant.MoviesTests;
				PRODUCT_NAME = "$(TARGET_NAME)";
				SWIFT_VERSION = 5.0;
				TARGETED_DEVICE_FAMILY = "1,2";
				TEST_HOST = "$(BUILT_PRODUCTS_DIR)/Movies.app/Movies";
			};
			name = Debug;
		};
		8888D52326101E02005E25E9 /* Release */ = {
			isa = XCBuildConfiguration;
			buildSettings = {
				ALWAYS_EMBED_SWIFT_STANDARD_LIBRARIES = YES;
				BUNDLE_LOADER = "$(TEST_HOST)";
				CODE_SIGN_STYLE = Automatic;
				DEVELOPMENT_TEAM = J89XP6WQS5;
				INFOPLIST_FILE = MoviesTests/Info.plist;
				IPHONEOS_DEPLOYMENT_TARGET = 14.0;
				LD_RUNPATH_SEARCH_PATHS = (
					"$(inherited)",
					"@executable_path/Frameworks",
					"@loader_path/Frameworks",
				);
				PRODUCT_BUNDLE_IDENTIFIER = br.com.stant.MoviesTests;
				PRODUCT_NAME = "$(TARGET_NAME)";
				SWIFT_VERSION = 5.0;
				TARGETED_DEVICE_FAMILY = "1,2";
				TEST_HOST = "$(BUILT_PRODUCTS_DIR)/Movies.app/Movies";
			};
			name = Release;
		};
		8888D52526101E02005E25E9 /* Debug */ = {
			isa = XCBuildConfiguration;
			buildSettings = {
				ALWAYS_EMBED_SWIFT_STANDARD_LIBRARIES = YES;
				CODE_SIGN_STYLE = Automatic;
				DEVELOPMENT_TEAM = J89XP6WQS5;
				INFOPLIST_FILE = MoviesUITests/Info.plist;
				LD_RUNPATH_SEARCH_PATHS = (
					"$(inherited)",
					"@executable_path/Frameworks",
					"@loader_path/Frameworks",
				);
				PRODUCT_BUNDLE_IDENTIFIER = br.com.stant.MoviesUITests;
				PRODUCT_NAME = "$(TARGET_NAME)";
				SWIFT_VERSION = 5.0;
				TARGETED_DEVICE_FAMILY = "1,2";
				TEST_TARGET_NAME = Movies;
			};
			name = Debug;
		};
		8888D52626101E02005E25E9 /* Release */ = {
			isa = XCBuildConfiguration;
			buildSettings = {
				ALWAYS_EMBED_SWIFT_STANDARD_LIBRARIES = YES;
				CODE_SIGN_STYLE = Automatic;
				DEVELOPMENT_TEAM = J89XP6WQS5;
				INFOPLIST_FILE = MoviesUITests/Info.plist;
				LD_RUNPATH_SEARCH_PATHS = (
					"$(inherited)",
					"@executable_path/Frameworks",
					"@loader_path/Frameworks",
				);
				PRODUCT_BUNDLE_IDENTIFIER = br.com.stant.MoviesUITests;
				PRODUCT_NAME = "$(TARGET_NAME)";
				SWIFT_VERSION = 5.0;
				TARGETED_DEVICE_FAMILY = "1,2";
				TEST_TARGET_NAME = Movies;
			};
			name = Release;
		};
/* End XCBuildConfiguration section */

/* Begin XCConfigurationList section */
		8888D4EF26101E00005E25E9 /* Build configuration list for PBXProject "Movies" */ = {
			isa = XCConfigurationList;
			buildConfigurations = (
				8888D51C26101E02005E25E9 /* Debug */,
				8888D51D26101E02005E25E9 /* Release */,
			);
			defaultConfigurationIsVisible = 0;
			defaultConfigurationName = Release;
		};
		8888D51E26101E02005E25E9 /* Build configuration list for PBXNativeTarget "Movies" */ = {
			isa = XCConfigurationList;
			buildConfigurations = (
				8888D51F26101E02005E25E9 /* Debug */,
				8888D52026101E02005E25E9 /* Release */,
			);
			defaultConfigurationIsVisible = 0;
			defaultConfigurationName = Release;
		};
		8888D52126101E02005E25E9 /* Build configuration list for PBXNativeTarget "MoviesTests" */ = {
			isa = XCConfigurationList;
			buildConfigurations = (
				8888D52226101E02005E25E9 /* Debug */,
				8888D52326101E02005E25E9 /* Release */,
			);
			defaultConfigurationIsVisible = 0;
			defaultConfigurationName = Release;
		};
		8888D52426101E02005E25E9 /* Build configuration list for PBXNativeTarget "MoviesUITests" */ = {
			isa = XCConfigurationList;
			buildConfigurations = (
				8888D52526101E02005E25E9 /* Debug */,
				8888D52626101E02005E25E9 /* Release */,
			);
			defaultConfigurationIsVisible = 0;
			defaultConfigurationName = Release;
		};
/* End XCConfigurationList section */
	};
	rootObject = 8888D4EC26101E00005E25E9 /* Project object */;
}
